
Microsoft Visual Studio Solution File, Format Version 12.00
# Visual Studio Version 17
VisualStudioVersion = 17.4.33110.190
MinimumVisualStudioVersion = 10.0.40219.1
Project("{F184B08F-C81C-45F6-A57F-5ABD9991F28F}") = "Encryption", "Encryption\Encryption.vbproj", "{5E864FA0-003A-4385-BBE2-5820A1701342}"
EndProject
Project("{2150E333-8FDC-42A3-9474-1A3956D46DE8}") = "Changes", "Changes", "{EE59BE48-34F6-4A59-BC71-5DE0896F0058}"
	ProjectSection(SolutionItems) = preProject
		NEWDATABASE.SQL = NEWDATABASE.SQL
		Procedures.sql = Procedures.sql
		ReadME.txt = ReadME.txt
	EndProjectSection
EndProject
Project("{FAE04EC0-301F-11D3-BF4B-00C04F79EFBC}") = "Marshell Web", "Marshell Web\Marshell Web.csproj", "{4782A91B-BF8C-4C8C-9EF3-90A840F260B8}"
EndProject
Global
	GlobalSection(SolutionConfigurationPlatforms) = preSolution
		All|Any CPU = All|Any CPU
		All|ARM64 = All|ARM64
		All|x64 = All|x64
		All|x86 = All|x86
		CD_ROM|Any CPU = CD_ROM|Any CPU
		CD_ROM|ARM64 = CD_ROM|ARM64
		CD_ROM|x64 = CD_ROM|x64
		CD_ROM|x86 = CD_ROM|x86
		Debug|Any CPU = Debug|Any CPU
		Debug|ARM64 = Debug|ARM64
		Debug|x64 = Debug|x64
		Debug|x86 = Debug|x86
		DefaultBuild|Any CPU = DefaultBuild|Any CPU
		DefaultBuild|ARM64 = DefaultBuild|ARM64
		DefaultBuild|x64 = DefaultBuild|x64
		DefaultBuild|x86 = DefaultBuild|x86
		DVD-5|Any CPU = DVD-5|Any CPU
		DVD-5|ARM64 = DVD-5|ARM64
		DVD-5|x64 = DVD-5|x64
		DVD-5|x86 = DVD-5|x86
		MixPlatform|Any CPU = MixPlatform|Any CPU
		MixPlatform|ARM64 = MixPlatform|ARM64
		MixPlatform|x64 = MixPlatform|x64
		MixPlatform|x86 = MixPlatform|x86
		Release|Any CPU = Release|Any CPU
		Release|ARM64 = Release|ARM64
		Release|x64 = Release|x64
		Release|x86 = Release|x86
		SingleImage|Any CPU = SingleImage|Any CPU
		SingleImage|ARM64 = SingleImage|ARM64
		SingleImage|x64 = SingleImage|x64
		SingleImage|x86 = SingleImage|x86
	EndGlobalSection
	GlobalSection(ProjectConfigurationPlatforms) = postSolution
		{5E864FA0-003A-4385-BBE2-5820A1701342}.All|Any CPU.ActiveCfg = Release|Any CPU
		{5E864FA0-003A-4385-BBE2-5820A1701342}.All|Any CPU.Build.0 = Release|Any CPU
		{5E864FA0-003A-4385-BBE2-5820A1701342}.All|ARM64.ActiveCfg = Debug|Any CPU
		{5E864FA0-003A-4385-BBE2-5820A1701342}.All|ARM64.Build.0 = Debug|Any CPU
		{5E864FA0-003A-4385-BBE2-5820A1701342}.All|x64.ActiveCfg = Release|Any CPU
		{5E864FA0-003A-4385-BBE2-5820A1701342}.All|x64.Build.0 = Release|Any CPU
		{5E864FA0-003A-4385-BBE2-5820A1701342}.All|x86.ActiveCfg = Release|Any CPU
		{5E864FA0-003A-4385-BBE2-5820A1701342}.All|x86.Build.0 = Release|Any CPU
		{5E864FA0-003A-4385-BBE2-5820A1701342}.CD_ROM|Any CPU.ActiveCfg = Debug|Any CPU
		{5E864FA0-003A-4385-BBE2-5820A1701342}.CD_ROM|Any CPU.Build.0 = Debug|Any CPU
		{5E864FA0-003A-4385-BBE2-5820A1701342}.CD_ROM|ARM64.ActiveCfg = Debug|Any CPU
		{5E864FA0-003A-4385-BBE2-5820A1701342}.CD_ROM|ARM64.Build.0 = Debug|Any CPU
		{5E864FA0-003A-4385-BBE2-5820A1701342}.CD_ROM|x64.ActiveCfg = Debug|Any CPU
		{5E864FA0-003A-4385-BBE2-5820A1701342}.CD_ROM|x64.Build.0 = Debug|Any CPU
		{5E864FA0-003A-4385-BBE2-5820A1701342}.CD_ROM|x86.ActiveCfg = Debug|Any CPU
		{5E864FA0-003A-4385-BBE2-5820A1701342}.CD_ROM|x86.Build.0 = Debug|Any CPU
		{5E864FA0-003A-4385-BBE2-5820A1701342}.Debug|Any CPU.ActiveCfg = Debug|Any CPU
		{5E864FA0-003A-4385-BBE2-5820A1701342}.Debug|Any CPU.Build.0 = Debug|Any CPU
		{5E864FA0-003A-4385-BBE2-5820A1701342}.Debug|ARM64.ActiveCfg = Debug|Any CPU
		{5E864FA0-003A-4385-BBE2-5820A1701342}.Debug|ARM64.Build.0 = Debug|Any CPU
		{5E864FA0-003A-4385-BBE2-5820A1701342}.Debug|x64.ActiveCfg = Debug|Any CPU
		{5E864FA0-003A-4385-BBE2-5820A1701342}.Debug|x64.Build.0 = Debug|Any CPU
		{5E864FA0-003A-4385-BBE2-5820A1701342}.Debug|x86.ActiveCfg = Debug|Any CPU
		{5E864FA0-003A-4385-BBE2-5820A1701342}.Debug|x86.Build.0 = Debug|Any CPU
		{5E864FA0-003A-4385-BBE2-5820A1701342}.DefaultBuild|Any CPU.ActiveCfg = Debug|Any CPU
		{5E864FA0-003A-4385-BBE2-5820A1701342}.DefaultBuild|Any CPU.Build.0 = Debug|Any CPU
		{5E864FA0-003A-4385-BBE2-5820A1701342}.DefaultBuild|ARM64.ActiveCfg = Debug|Any CPU
		{5E864FA0-003A-4385-BBE2-5820A1701342}.DefaultBuild|ARM64.Build.0 = Debug|Any CPU
		{5E864FA0-003A-4385-BBE2-5820A1701342}.DefaultBuild|x64.ActiveCfg = Debug|Any CPU
		{5E864FA0-003A-4385-BBE2-5820A1701342}.DefaultBuild|x64.Build.0 = Debug|Any CPU
		{5E864FA0-003A-4385-BBE2-5820A1701342}.DefaultBuild|x86.ActiveCfg = Debug|Any CPU
		{5E864FA0-003A-4385-BBE2-5820A1701342}.DefaultBuild|x86.Build.0 = Debug|Any CPU
		{5E864FA0-003A-4385-BBE2-5820A1701342}.DVD-5|Any CPU.ActiveCfg = Debug|Any CPU
		{5E864FA0-003A-4385-BBE2-5820A1701342}.DVD-5|Any CPU.Build.0 = Debug|Any CPU
		{5E864FA0-003A-4385-BBE2-5820A1701342}.DVD-5|ARM64.ActiveCfg = Debug|Any CPU
		{5E864FA0-003A-4385-BBE2-5820A1701342}.DVD-5|ARM64.Build.0 = Debug|Any CPU
		{5E864FA0-003A-4385-BBE2-5820A1701342}.DVD-5|x64.ActiveCfg = Debug|Any CPU
		{5E864FA0-003A-4385-BBE2-5820A1701342}.DVD-5|x64.Build.0 = Debug|Any CPU
		{5E864FA0-003A-4385-BBE2-5820A1701342}.DVD-5|x86.ActiveCfg = Debug|Any CPU
		{5E864FA0-003A-4385-BBE2-5820A1701342}.DVD-5|x86.Build.0 = Debug|Any CPU
		{5E864FA0-003A-4385-BBE2-5820A1701342}.MixPlatform|Any CPU.ActiveCfg = Release|Any CPU
		{5E864FA0-003A-4385-BBE2-5820A1701342}.MixPlatform|Any CPU.Build.0 = Release|Any CPU
		{5E864FA0-003A-4385-BBE2-5820A1701342}.MixPlatform|ARM64.ActiveCfg = Debug|Any CPU
		{5E864FA0-003A-4385-BBE2-5820A1701342}.MixPlatform|ARM64.Build.0 = Debug|Any CPU
		{5E864FA0-003A-4385-BBE2-5820A1701342}.MixPlatform|x64.ActiveCfg = Release|Any CPU
		{5E864FA0-003A-4385-BBE2-5820A1701342}.MixPlatform|x64.Build.0 = Release|Any CPU
		{5E864FA0-003A-4385-BBE2-5820A1701342}.MixPlatform|x86.ActiveCfg = Release|Any CPU
		{5E864FA0-003A-4385-BBE2-5820A1701342}.MixPlatform|x86.Build.0 = Release|Any CPU
		{5E864FA0-003A-4385-BBE2-5820A1701342}.Release|Any CPU.ActiveCfg = Release|Any CPU
		{5E864FA0-003A-4385-BBE2-5820A1701342}.Release|Any CPU.Build.0 = Release|Any CPU
		{5E864FA0-003A-4385-BBE2-5820A1701342}.Release|ARM64.ActiveCfg = Release|Any CPU
		{5E864FA0-003A-4385-BBE2-5820A1701342}.Release|ARM64.Build.0 = Release|Any CPU
		{5E864FA0-003A-4385-BBE2-5820A1701342}.Release|x64.ActiveCfg = Release|Any CPU
		{5E864FA0-003A-4385-BBE2-5820A1701342}.Release|x64.Build.0 = Release|Any CPU
		{5E864FA0-003A-4385-BBE2-5820A1701342}.Release|x86.ActiveCfg = Release|Any CPU
		{5E864FA0-003A-4385-BBE2-5820A1701342}.Release|x86.Build.0 = Release|Any CPU
		{5E864FA0-003A-4385-BBE2-5820A1701342}.SingleImage|Any CPU.ActiveCfg = Debug|Any CPU
		{5E864FA0-003A-4385-BBE2-5820A1701342}.SingleImage|Any CPU.Build.0 = Debug|Any CPU
		{5E864FA0-003A-4385-BBE2-5820A1701342}.SingleImage|ARM64.ActiveCfg = Release|Any CPU
		{5E864FA0-003A-4385-BBE2-5820A1701342}.SingleImage|ARM64.Build.0 = Release|Any CPU
		{5E864FA0-003A-4385-BBE2-5820A1701342}.SingleImage|x64.ActiveCfg = Debug|Any CPU
		{5E864FA0-003A-4385-BBE2-5820A1701342}.SingleImage|x64.Build.0 = Debug|Any CPU
		{5E864FA0-003A-4385-BBE2-5820A1701342}.SingleImage|x86.ActiveCfg = Debug|Any CPU
		{5E864FA0-003A-4385-BBE2-5820A1701342}.SingleImage|x86.Build.0 = Debug|Any CPU
		{4782A91B-BF8C-4C8C-9EF3-90A840F260B8}.All|Any CPU.ActiveCfg = Debug|Any CPU
		{4782A91B-BF8C-4C8C-9EF3-90A840F260B8}.All|Any CPU.Build.0 = Debug|Any CPU
		{4782A91B-BF8C-4C8C-9EF3-90A840F260B8}.All|ARM64.ActiveCfg = Debug|Any CPU
		{4782A91B-BF8C-4C8C-9EF3-90A840F260B8}.All|ARM64.Build.0 = Debug|Any CPU
		{4782A91B-BF8C-4C8C-9EF3-90A840F260B8}.All|x64.ActiveCfg = Debug|Any CPU
		{4782A91B-BF8C-4C8C-9EF3-90A840F260B8}.All|x64.Build.0 = Debug|Any CPU
		{4782A91B-BF8C-4C8C-9EF3-90A840F260B8}.All|x86.ActiveCfg = Debug|Any CPU
		{4782A91B-BF8C-4C8C-9EF3-90A840F260B8}.All|x86.Build.0 = Debug|Any CPU
		{4782A91B-BF8C-4C8C-9EF3-90A840F260B8}.CD_ROM|Any CPU.ActiveCfg = Debug|Any CPU
		{4782A91B-BF8C-4C8C-9EF3-90A840F260B8}.CD_ROM|Any CPU.Build.0 = Debug|Any CPU
		{4782A91B-BF8C-4C8C-9EF3-90A840F260B8}.CD_ROM|ARM64.ActiveCfg = Debug|Any CPU
		{4782A91B-BF8C-4C8C-9EF3-90A840F260B8}.CD_ROM|ARM64.Build.0 = Debug|Any CPU
		{4782A91B-BF8C-4C8C-9EF3-90A840F260B8}.CD_ROM|x64.ActiveCfg = Debug|Any CPU
		{4782A91B-BF8C-4C8C-9EF3-90A840F260B8}.CD_ROM|x64.Build.0 = Debug|Any CPU
		{4782A91B-BF8C-4C8C-9EF3-90A840F260B8}.CD_ROM|x86.ActiveCfg = Debug|Any CPU
		{4782A91B-BF8C-4C8C-9EF3-90A840F260B8}.CD_ROM|x86.Build.0 = Debug|Any CPU
		{4782A91B-BF8C-4C8C-9EF3-90A840F260B8}.Debug|Any CPU.ActiveCfg = Debug|Any CPU
		{4782A91B-BF8C-4C8C-9EF3-90A840F260B8}.Debug|Any CPU.Build.0 = Debug|Any CPU
		{4782A91B-BF8C-4C8C-9EF3-90A840F260B8}.Debug|ARM64.ActiveCfg = Debug|Any CPU
		{4782A91B-BF8C-4C8C-9EF3-90A840F260B8}.Debug|ARM64.Build.0 = Debug|Any CPU
		{4782A91B-BF8C-4C8C-9EF3-90A840F260B8}.Debug|x64.ActiveCfg = Debug|Any CPU
		{4782A91B-BF8C-4C8C-9EF3-90A840F260B8}.Debug|x64.Build.0 = Debug|Any CPU
		{4782A91B-BF8C-4C8C-9EF3-90A840F260B8}.Debug|x86.ActiveCfg = Debug|Any CPU
		{4782A91B-BF8C-4C8C-9EF3-90A840F260B8}.Debug|x86.Build.0 = Debug|Any CPU
		{4782A91B-BF8C-4C8C-9EF3-90A840F260B8}.DefaultBuild|Any CPU.ActiveCfg = Debug|Any CPU
		{4782A91B-BF8C-4C8C-9EF3-90A840F260B8}.DefaultBuild|Any CPU.Build.0 = Debug|Any CPU
		{4782A91B-BF8C-4C8C-9EF3-90A840F260B8}.DefaultBuild|ARM64.ActiveCfg = Debug|Any CPU
		{4782A91B-BF8C-4C8C-9EF3-90A840F260B8}.DefaultBuild|ARM64.Build.0 = Debug|Any CPU
		{4782A91B-BF8C-4C8C-9EF3-90A840F260B8}.DefaultBuild|x64.ActiveCfg = Debug|Any CPU
		{4782A91B-BF8C-4C8C-9EF3-90A840F260B8}.DefaultBuild|x64.Build.0 = Debug|Any CPU
		{4782A91B-BF8C-4C8C-9EF3-90A840F260B8}.DefaultBuild|x86.ActiveCfg = Debug|Any CPU
		{4782A91B-BF8C-4C8C-9EF3-90A840F260B8}.DefaultBuild|x86.Build.0 = Debug|Any CPU
		{4782A91B-BF8C-4C8C-9EF3-90A840F260B8}.DVD-5|Any CPU.ActiveCfg = Debug|Any CPU
		{4782A91B-BF8C-4C8C-9EF3-90A840F260B8}.DVD-5|Any CPU.Build.0 = Debug|Any CPU
		{4782A91B-BF8C-4C8C-9EF3-90A840F260B8}.DVD-5|ARM64.ActiveCfg = Debug|Any CPU
		{4782A91B-BF8C-4C8C-9EF3-90A840F260B8}.DVD-5|ARM64.Build.0 = Debug|Any CPU
		{4782A91B-BF8C-4C8C-9EF3-90A840F260B8}.DVD-5|x64.ActiveCfg = Debug|Any CPU
		{4782A91B-BF8C-4C8C-9EF3-90A840F260B8}.DVD-5|x64.Build.0 = Debug|Any CPU
		{4782A91B-BF8C-4C8C-9EF3-90A840F260B8}.DVD-5|x86.ActiveCfg = Debug|Any CPU
		{4782A91B-BF8C-4C8C-9EF3-90A840F260B8}.DVD-5|x86.Build.0 = Debug|Any CPU
		{4782A91B-BF8C-4C8C-9EF3-90A840F260B8}.MixPlatform|Any CPU.ActiveCfg = Debug|Any CPU
		{4782A91B-BF8C-4C8C-9EF3-90A840F260B8}.MixPlatform|Any CPU.Build.0 = Debug|Any CPU
		{4782A91B-BF8C-4C8C-9EF3-90A840F260B8}.MixPlatform|ARM64.ActiveCfg = Debug|Any CPU
		{4782A91B-BF8C-4C8C-9EF3-90A840F260B8}.MixPlatform|ARM64.Build.0 = Debug|Any CPU
		{4782A91B-BF8C-4C8C-9EF3-90A840F260B8}.MixPlatform|x64.ActiveCfg = Debug|Any CPU
		{4782A91B-BF8C-4C8C-9EF3-90A840F260B8}.MixPlatform|x64.Build.0 = Debug|Any CPU
		{4782A91B-BF8C-4C8C-9EF3-90A840F260B8}.MixPlatform|x86.ActiveCfg = Debug|Any CPU
		{4782A91B-BF8C-4C8C-9EF3-90A840F260B8}.MixPlatform|x86.Build.0 = Debug|Any CPU
		{4782A91B-BF8C-4C8C-9EF3-90A840F260B8}.Release|Any CPU.ActiveCfg = Release|Any CPU
		{4782A91B-BF8C-4C8C-9EF3-90A840F260B8}.Release|Any CPU.Build.0 = Release|Any CPU
		{4782A91B-BF8C-4C8C-9EF3-90A840F260B8}.Release|ARM64.ActiveCfg = Release|Any CPU
		{4782A91B-BF8C-4C8C-9EF3-90A840F260B8}.Release|ARM64.Build.0 = Release|Any CPU
		{4782A91B-BF8C-4C8C-9EF3-90A840F260B8}.Release|x64.ActiveCfg = Release|Any CPU
		{4782A91B-BF8C-4C8C-9EF3-90A840F260B8}.Release|x64.Build.0 = Release|Any CPU
		{4782A91B-BF8C-4C8C-9EF3-90A840F260B8}.Release|x86.ActiveCfg = Release|Any CPU
		{4782A91B-BF8C-4C8C-9EF3-90A840F260B8}.Release|x86.Build.0 = Release|Any CPU
		{4782A91B-BF8C-4C8C-9EF3-90A840F260B8}.SingleImage|Any CPU.ActiveCfg = Debug|Any CPU
		{4782A91B-BF8C-4C8C-9EF3-90A840F260B8}.SingleImage|Any CPU.Build.0 = Debug|Any CPU
		{4782A91B-BF8C-4C8C-9EF3-90A840F260B8}.SingleImage|ARM64.ActiveCfg = Debug|Any CPU
		{4782A91B-BF8C-4C8C-9EF3-90A840F260B8}.SingleImage|ARM64.Build.0 = Debug|Any CPU
		{4782A91B-BF8C-4C8C-9EF3-90A840F260B8}.SingleImage|x64.ActiveCfg = Debug|Any CPU
		{4782A91B-BF8C-4C8C-9EF3-90A840F260B8}.SingleImage|x64.Build.0 = Debug|Any CPU
		{4782A91B-BF8C-4C8C-9EF3-90A840F260B8}.SingleImage|x86.ActiveCfg = Debug|Any CPU
		{4782A91B-BF8C-4C8C-9EF3-90A840F260B8}.SingleImage|x86.Build.0 = Debug|Any CPU
	EndGlobalSection
	GlobalSection(SolutionProperties) = preSolution
		HideSolutionNode = FALSE
	EndGlobalSection
	GlobalSection(ExtensibilityGlobals) = postSolution
		SolutionGuid = {5A6C2470-53DD-4989-9DEF-CD76830BCA73}
	EndGlobalSection
	GlobalSection(StartupProject) = preSolution
		Marshell Web = Marshell Web
	EndGlobalSection
EndGlobal
