
Microsoft Visual Studio Solution File, Format Version 12.00
# Visual Studio 14
VisualStudioVersion = 14.0.25420.1
MinimumVisualStudioVersion = 10.0.40219.1
Project("{F184B08F-C81C-45F6-A57F-5ABD9991F28F}") = "Marshell's", "Marshell's\Marshell's.vbproj", "{21E3DA70-7FD7-4C62-ADEB-492EF5E6EF3D}"
	ProjectSection(ProjectDependencies) = postProject
		{1470F70C-4EC4-4844-B66D-8455437B24B4} = {1470F70C-4EC4-4844-B66D-8455437B24B4}
	EndProjectSection
EndProject
Project("{F184B08F-C81C-45F6-A57F-5ABD9991F28F}") = "GUIHelper", "GUIHelper\GUIHelper.vbproj", "{5C9005B5-A5D0-4B85-95B9-7D8EA38F3B99}"
EndProject
Project("{FAE04EC0-301F-11D3-BF4B-00C04F79EFBC}") = "InvoicePrinter", "InvoicePrinter\InvoicePrinter.csproj", "{9A573FE5-1646-43EA-A7F6-A387162B4A1B}"
	ProjectSection(ProjectDependencies) = postProject
		{1470F70C-4EC4-4844-B66D-8455437B24B4} = {1470F70C-4EC4-4844-B66D-8455437B24B4}
	EndProjectSection
EndProject
Project("{F184B08F-C81C-45F6-A57F-5ABD9991F28F}") = "Encryption", "Encryption\Encryption.vbproj", "{5E864FA0-003A-4385-BBE2-5820A1701342}"
EndProject
Project("{F184B08F-C81C-45F6-A57F-5ABD9991F28F}") = "MarshellsSettings", "MarshellsSettings\MarshellsSettings.vbproj", "{1470F70C-4EC4-4844-B66D-8455437B24B4}"
EndProject
Project("{FAE04EC0-301F-11D3-BF4B-00C04F79EFBC}") = "Marshell Updater", "Marshell Updater\Marshell Updater.csproj", "{449DAA64-2C6C-455A-A0C2-EE85307225F7}"
EndProject
Project("{2150E333-8FDC-42A3-9474-1A3956D46DE8}") = "Changes", "Changes", "{EE59BE48-34F6-4A59-BC71-5DE0896F0058}"
	ProjectSection(SolutionItems) = preProject
		ReadME.txt = ReadME.txt
	EndProjectSection
EndProject
Project("{FAE04EC0-301F-11D3-BF4B-00C04F79EFBC}") = "Entities", "Entities\Entities.csproj", "{3AD8A67B-D44E-4D2F-B5EC-0F4605B24153}"
EndProject
Project("{FAE04EC0-301F-11D3-BF4B-00C04F79EFBC}") = "Reports", "Reports\Reports.csproj", "{FED7CCED-14A4-4A80-854F-49D9E2940601}"
EndProject
Project("{FAE04EC0-301F-11D3-BF4B-00C04F79EFBC}") = "DataBase", "DataBase\DataBase.csproj", "{D597A026-03B0-4CBF-A5E2-1B4562529251}"
EndProject
Global
	GlobalSection(SolutionConfigurationPlatforms) = preSolution
		All|Any CPU = All|Any CPU
		All|x64 = All|x64
		All|x86 = All|x86
		CD_ROM|Any CPU = CD_ROM|Any CPU
		CD_ROM|x64 = CD_ROM|x64
		CD_ROM|x86 = CD_ROM|x86
		Debug|Any CPU = Debug|Any CPU
		Debug|x64 = Debug|x64
		Debug|x86 = Debug|x86
		DefaultBuild|Any CPU = DefaultBuild|Any CPU
		DefaultBuild|x64 = DefaultBuild|x64
		DefaultBuild|x86 = DefaultBuild|x86
		DVD-5|Any CPU = DVD-5|Any CPU
		DVD-5|x64 = DVD-5|x64
		DVD-5|x86 = DVD-5|x86
		MixPlatform|Any CPU = MixPlatform|Any CPU
		MixPlatform|x64 = MixPlatform|x64
		MixPlatform|x86 = MixPlatform|x86
		Release|Any CPU = Release|Any CPU
		Release|x64 = Release|x64
		Release|x86 = Release|x86
		SingleImage|Any CPU = SingleImage|Any CPU
		SingleImage|x64 = SingleImage|x64
		SingleImage|x86 = SingleImage|x86
	EndGlobalSection
	GlobalSection(ProjectConfigurationPlatforms) = postSolution
		{21E3DA70-7FD7-4C62-ADEB-492EF5E6EF3D}.All|Any CPU.ActiveCfg = Release|Any CPU
		{21E3DA70-7FD7-4C62-ADEB-492EF5E6EF3D}.All|Any CPU.Build.0 = Release|Any CPU
		{21E3DA70-7FD7-4C62-ADEB-492EF5E6EF3D}.All|x64.ActiveCfg = Release|Any CPU
		{21E3DA70-7FD7-4C62-ADEB-492EF5E6EF3D}.All|x64.Build.0 = Release|Any CPU
		{21E3DA70-7FD7-4C62-ADEB-492EF5E6EF3D}.All|x86.ActiveCfg = Release|Any CPU
		{21E3DA70-7FD7-4C62-ADEB-492EF5E6EF3D}.All|x86.Build.0 = Release|Any CPU
		{21E3DA70-7FD7-4C62-ADEB-492EF5E6EF3D}.CD_ROM|Any CPU.ActiveCfg = Debug|Any CPU
		{21E3DA70-7FD7-4C62-ADEB-492EF5E6EF3D}.CD_ROM|Any CPU.Build.0 = Debug|Any CPU
		{21E3DA70-7FD7-4C62-ADEB-492EF5E6EF3D}.CD_ROM|x64.ActiveCfg = Debug|Any CPU
		{21E3DA70-7FD7-4C62-ADEB-492EF5E6EF3D}.CD_ROM|x64.Build.0 = Debug|Any CPU
		{21E3DA70-7FD7-4C62-ADEB-492EF5E6EF3D}.CD_ROM|x86.ActiveCfg = Debug|Any CPU
		{21E3DA70-7FD7-4C62-ADEB-492EF5E6EF3D}.CD_ROM|x86.Build.0 = Debug|Any CPU
		{21E3DA70-7FD7-4C62-ADEB-492EF5E6EF3D}.Debug|Any CPU.ActiveCfg = Debug|Any CPU
		{21E3DA70-7FD7-4C62-ADEB-492EF5E6EF3D}.Debug|Any CPU.Build.0 = Debug|Any CPU
		{21E3DA70-7FD7-4C62-ADEB-492EF5E6EF3D}.Debug|Any CPU.Deploy.0 = Debug|Any CPU
		{21E3DA70-7FD7-4C62-ADEB-492EF5E6EF3D}.Debug|x64.ActiveCfg = Debug|Any CPU
		{21E3DA70-7FD7-4C62-ADEB-492EF5E6EF3D}.Debug|x64.Build.0 = Debug|Any CPU
		{21E3DA70-7FD7-4C62-ADEB-492EF5E6EF3D}.Debug|x86.ActiveCfg = Debug|Any CPU
		{21E3DA70-7FD7-4C62-ADEB-492EF5E6EF3D}.Debug|x86.Build.0 = Debug|Any CPU
		{21E3DA70-7FD7-4C62-ADEB-492EF5E6EF3D}.DefaultBuild|Any CPU.ActiveCfg = Debug|Any CPU
		{21E3DA70-7FD7-4C62-ADEB-492EF5E6EF3D}.DefaultBuild|Any CPU.Build.0 = Debug|Any CPU
		{21E3DA70-7FD7-4C62-ADEB-492EF5E6EF3D}.DefaultBuild|x64.ActiveCfg = Debug|Any CPU
		{21E3DA70-7FD7-4C62-ADEB-492EF5E6EF3D}.DefaultBuild|x64.Build.0 = Debug|Any CPU
		{21E3DA70-7FD7-4C62-ADEB-492EF5E6EF3D}.DefaultBuild|x86.ActiveCfg = Debug|Any CPU
		{21E3DA70-7FD7-4C62-ADEB-492EF5E6EF3D}.DefaultBuild|x86.Build.0 = Debug|Any CPU
		{21E3DA70-7FD7-4C62-ADEB-492EF5E6EF3D}.DVD-5|Any CPU.ActiveCfg = Debug|Any CPU
		{21E3DA70-7FD7-4C62-ADEB-492EF5E6EF3D}.DVD-5|Any CPU.Build.0 = Debug|Any CPU
		{21E3DA70-7FD7-4C62-ADEB-492EF5E6EF3D}.DVD-5|x64.ActiveCfg = Debug|Any CPU
		{21E3DA70-7FD7-4C62-ADEB-492EF5E6EF3D}.DVD-5|x64.Build.0 = Debug|Any CPU
		{21E3DA70-7FD7-4C62-ADEB-492EF5E6EF3D}.DVD-5|x86.ActiveCfg = Debug|Any CPU
		{21E3DA70-7FD7-4C62-ADEB-492EF5E6EF3D}.DVD-5|x86.Build.0 = Debug|Any CPU
		{21E3DA70-7FD7-4C62-ADEB-492EF5E6EF3D}.MixPlatform|Any CPU.ActiveCfg = Release|Any CPU
		{21E3DA70-7FD7-4C62-ADEB-492EF5E6EF3D}.MixPlatform|Any CPU.Build.0 = Release|Any CPU
		{21E3DA70-7FD7-4C62-ADEB-492EF5E6EF3D}.MixPlatform|x64.ActiveCfg = Release|Any CPU
		{21E3DA70-7FD7-4C62-ADEB-492EF5E6EF3D}.MixPlatform|x64.Build.0 = Release|Any CPU
		{21E3DA70-7FD7-4C62-ADEB-492EF5E6EF3D}.MixPlatform|x86.ActiveCfg = Release|Any CPU
		{21E3DA70-7FD7-4C62-ADEB-492EF5E6EF3D}.MixPlatform|x86.Build.0 = Release|Any CPU
		{21E3DA70-7FD7-4C62-ADEB-492EF5E6EF3D}.Release|Any CPU.ActiveCfg = Release|Any CPU
		{21E3DA70-7FD7-4C62-ADEB-492EF5E6EF3D}.Release|Any CPU.Build.0 = Release|Any CPU
		{21E3DA70-7FD7-4C62-ADEB-492EF5E6EF3D}.Release|x64.ActiveCfg = Release|Any CPU
		{21E3DA70-7FD7-4C62-ADEB-492EF5E6EF3D}.Release|x64.Build.0 = Release|Any CPU
		{21E3DA70-7FD7-4C62-ADEB-492EF5E6EF3D}.Release|x86.ActiveCfg = Release|Any CPU
		{21E3DA70-7FD7-4C62-ADEB-492EF5E6EF3D}.Release|x86.Build.0 = Release|Any CPU
		{21E3DA70-7FD7-4C62-ADEB-492EF5E6EF3D}.SingleImage|Any CPU.ActiveCfg = Debug|Any CPU
		{21E3DA70-7FD7-4C62-ADEB-492EF5E6EF3D}.SingleImage|Any CPU.Build.0 = Debug|Any CPU
		{21E3DA70-7FD7-4C62-ADEB-492EF5E6EF3D}.SingleImage|x64.ActiveCfg = Debug|Any CPU
		{21E3DA70-7FD7-4C62-ADEB-492EF5E6EF3D}.SingleImage|x64.Build.0 = Debug|Any CPU
		{21E3DA70-7FD7-4C62-ADEB-492EF5E6EF3D}.SingleImage|x86.ActiveCfg = Debug|Any CPU
		{21E3DA70-7FD7-4C62-ADEB-492EF5E6EF3D}.SingleImage|x86.Build.0 = Debug|Any CPU
		{5C9005B5-A5D0-4B85-95B9-7D8EA38F3B99}.All|Any CPU.ActiveCfg = Release|Any CPU
		{5C9005B5-A5D0-4B85-95B9-7D8EA38F3B99}.All|Any CPU.Build.0 = Release|Any CPU
		{5C9005B5-A5D0-4B85-95B9-7D8EA38F3B99}.All|x64.ActiveCfg = Release|Any CPU
		{5C9005B5-A5D0-4B85-95B9-7D8EA38F3B99}.All|x64.Build.0 = Release|Any CPU
		{5C9005B5-A5D0-4B85-95B9-7D8EA38F3B99}.All|x86.ActiveCfg = Release|Any CPU
		{5C9005B5-A5D0-4B85-95B9-7D8EA38F3B99}.All|x86.Build.0 = Release|Any CPU
		{5C9005B5-A5D0-4B85-95B9-7D8EA38F3B99}.CD_ROM|Any CPU.ActiveCfg = MixPlatform|Any CPU
		{5C9005B5-A5D0-4B85-95B9-7D8EA38F3B99}.CD_ROM|Any CPU.Build.0 = MixPlatform|Any CPU
		{5C9005B5-A5D0-4B85-95B9-7D8EA38F3B99}.CD_ROM|x64.ActiveCfg = MixPlatform|Any CPU
		{5C9005B5-A5D0-4B85-95B9-7D8EA38F3B99}.CD_ROM|x64.Build.0 = MixPlatform|Any CPU
		{5C9005B5-A5D0-4B85-95B9-7D8EA38F3B99}.CD_ROM|x86.ActiveCfg = MixPlatform|Any CPU
		{5C9005B5-A5D0-4B85-95B9-7D8EA38F3B99}.CD_ROM|x86.Build.0 = MixPlatform|Any CPU
		{5C9005B5-A5D0-4B85-95B9-7D8EA38F3B99}.Debug|Any CPU.ActiveCfg = Debug|Any CPU
		{5C9005B5-A5D0-4B85-95B9-7D8EA38F3B99}.Debug|Any CPU.Build.0 = Debug|Any CPU
		{5C9005B5-A5D0-4B85-95B9-7D8EA38F3B99}.Debug|x64.ActiveCfg = Debug|Any CPU
		{5C9005B5-A5D0-4B85-95B9-7D8EA38F3B99}.Debug|x64.Build.0 = Debug|Any CPU
		{5C9005B5-A5D0-4B85-95B9-7D8EA38F3B99}.Debug|x86.ActiveCfg = Debug|Any CPU
		{5C9005B5-A5D0-4B85-95B9-7D8EA38F3B99}.Debug|x86.Build.0 = Debug|Any CPU
		{5C9005B5-A5D0-4B85-95B9-7D8EA38F3B99}.DefaultBuild|Any CPU.ActiveCfg = Debug|Any CPU
		{5C9005B5-A5D0-4B85-95B9-7D8EA38F3B99}.DefaultBuild|Any CPU.Build.0 = Debug|Any CPU
		{5C9005B5-A5D0-4B85-95B9-7D8EA38F3B99}.DefaultBuild|x64.ActiveCfg = Debug|Any CPU
		{5C9005B5-A5D0-4B85-95B9-7D8EA38F3B99}.DefaultBuild|x64.Build.0 = Debug|Any CPU
		{5C9005B5-A5D0-4B85-95B9-7D8EA38F3B99}.DefaultBuild|x86.ActiveCfg = Debug|Any CPU
		{5C9005B5-A5D0-4B85-95B9-7D8EA38F3B99}.DefaultBuild|x86.Build.0 = Debug|Any CPU
		{5C9005B5-A5D0-4B85-95B9-7D8EA38F3B99}.DVD-5|Any CPU.ActiveCfg = Debug|Any CPU
		{5C9005B5-A5D0-4B85-95B9-7D8EA38F3B99}.DVD-5|Any CPU.Build.0 = Debug|Any CPU
		{5C9005B5-A5D0-4B85-95B9-7D8EA38F3B99}.DVD-5|x64.ActiveCfg = Debug|Any CPU
		{5C9005B5-A5D0-4B85-95B9-7D8EA38F3B99}.DVD-5|x64.Build.0 = Debug|Any CPU
		{5C9005B5-A5D0-4B85-95B9-7D8EA38F3B99}.DVD-5|x86.ActiveCfg = Debug|Any CPU
		{5C9005B5-A5D0-4B85-95B9-7D8EA38F3B99}.DVD-5|x86.Build.0 = Debug|Any CPU
		{5C9005B5-A5D0-4B85-95B9-7D8EA38F3B99}.MixPlatform|Any CPU.ActiveCfg = MixPlatform|Any CPU
		{5C9005B5-A5D0-4B85-95B9-7D8EA38F3B99}.MixPlatform|Any CPU.Build.0 = MixPlatform|Any CPU
		{5C9005B5-A5D0-4B85-95B9-7D8EA38F3B99}.MixPlatform|x64.ActiveCfg = MixPlatform|Any CPU
		{5C9005B5-A5D0-4B85-95B9-7D8EA38F3B99}.MixPlatform|x64.Build.0 = MixPlatform|Any CPU
		{5C9005B5-A5D0-4B85-95B9-7D8EA38F3B99}.MixPlatform|x86.ActiveCfg = MixPlatform|Any CPU
		{5C9005B5-A5D0-4B85-95B9-7D8EA38F3B99}.MixPlatform|x86.Build.0 = MixPlatform|Any CPU
		{5C9005B5-A5D0-4B85-95B9-7D8EA38F3B99}.Release|Any CPU.ActiveCfg = Release|Any CPU
		{5C9005B5-A5D0-4B85-95B9-7D8EA38F3B99}.Release|Any CPU.Build.0 = Release|Any CPU
		{5C9005B5-A5D0-4B85-95B9-7D8EA38F3B99}.Release|x64.ActiveCfg = Release|Any CPU
		{5C9005B5-A5D0-4B85-95B9-7D8EA38F3B99}.Release|x64.Build.0 = Release|Any CPU
		{5C9005B5-A5D0-4B85-95B9-7D8EA38F3B99}.Release|x86.ActiveCfg = Release|Any CPU
		{5C9005B5-A5D0-4B85-95B9-7D8EA38F3B99}.Release|x86.Build.0 = Release|Any CPU
		{5C9005B5-A5D0-4B85-95B9-7D8EA38F3B99}.SingleImage|Any CPU.ActiveCfg = MixPlatform|Any CPU
		{5C9005B5-A5D0-4B85-95B9-7D8EA38F3B99}.SingleImage|Any CPU.Build.0 = MixPlatform|Any CPU
		{5C9005B5-A5D0-4B85-95B9-7D8EA38F3B99}.SingleImage|x64.ActiveCfg = MixPlatform|Any CPU
		{5C9005B5-A5D0-4B85-95B9-7D8EA38F3B99}.SingleImage|x64.Build.0 = MixPlatform|Any CPU
		{5C9005B5-A5D0-4B85-95B9-7D8EA38F3B99}.SingleImage|x86.ActiveCfg = MixPlatform|Any CPU
		{5C9005B5-A5D0-4B85-95B9-7D8EA38F3B99}.SingleImage|x86.Build.0 = MixPlatform|Any CPU
		{9A573FE5-1646-43EA-A7F6-A387162B4A1B}.All|Any CPU.ActiveCfg = Release|Any CPU
		{9A573FE5-1646-43EA-A7F6-A387162B4A1B}.All|Any CPU.Build.0 = Release|Any CPU
		{9A573FE5-1646-43EA-A7F6-A387162B4A1B}.All|x64.ActiveCfg = Release|Any CPU
		{9A573FE5-1646-43EA-A7F6-A387162B4A1B}.All|x64.Build.0 = Release|Any CPU
		{9A573FE5-1646-43EA-A7F6-A387162B4A1B}.All|x86.ActiveCfg = Release|Any CPU
		{9A573FE5-1646-43EA-A7F6-A387162B4A1B}.All|x86.Build.0 = Release|Any CPU
		{9A573FE5-1646-43EA-A7F6-A387162B4A1B}.CD_ROM|Any CPU.ActiveCfg = Debug|Any CPU
		{9A573FE5-1646-43EA-A7F6-A387162B4A1B}.CD_ROM|Any CPU.Build.0 = Debug|Any CPU
		{9A573FE5-1646-43EA-A7F6-A387162B4A1B}.CD_ROM|x64.ActiveCfg = Debug|Any CPU
		{9A573FE5-1646-43EA-A7F6-A387162B4A1B}.CD_ROM|x64.Build.0 = Debug|Any CPU
		{9A573FE5-1646-43EA-A7F6-A387162B4A1B}.CD_ROM|x86.ActiveCfg = Debug|Any CPU
		{9A573FE5-1646-43EA-A7F6-A387162B4A1B}.CD_ROM|x86.Build.0 = Debug|Any CPU
		{9A573FE5-1646-43EA-A7F6-A387162B4A1B}.Debug|Any CPU.ActiveCfg = Debug|Any CPU
		{9A573FE5-1646-43EA-A7F6-A387162B4A1B}.Debug|Any CPU.Build.0 = Debug|Any CPU
		{9A573FE5-1646-43EA-A7F6-A387162B4A1B}.Debug|x64.ActiveCfg = Debug|Any CPU
		{9A573FE5-1646-43EA-A7F6-A387162B4A1B}.Debug|x64.Build.0 = Debug|Any CPU
		{9A573FE5-1646-43EA-A7F6-A387162B4A1B}.Debug|x86.ActiveCfg = Debug|Any CPU
		{9A573FE5-1646-43EA-A7F6-A387162B4A1B}.Debug|x86.Build.0 = Debug|Any CPU
		{9A573FE5-1646-43EA-A7F6-A387162B4A1B}.DefaultBuild|Any CPU.ActiveCfg = Debug|Any CPU
		{9A573FE5-1646-43EA-A7F6-A387162B4A1B}.DefaultBuild|Any CPU.Build.0 = Debug|Any CPU
		{9A573FE5-1646-43EA-A7F6-A387162B4A1B}.DefaultBuild|x64.ActiveCfg = Debug|Any CPU
		{9A573FE5-1646-43EA-A7F6-A387162B4A1B}.DefaultBuild|x64.Build.0 = Debug|Any CPU
		{9A573FE5-1646-43EA-A7F6-A387162B4A1B}.DefaultBuild|x86.ActiveCfg = Debug|Any CPU
		{9A573FE5-1646-43EA-A7F6-A387162B4A1B}.DefaultBuild|x86.Build.0 = Debug|Any CPU
		{9A573FE5-1646-43EA-A7F6-A387162B4A1B}.DVD-5|Any CPU.ActiveCfg = Debug|Any CPU
		{9A573FE5-1646-43EA-A7F6-A387162B4A1B}.DVD-5|Any CPU.Build.0 = Debug|Any CPU
		{9A573FE5-1646-43EA-A7F6-A387162B4A1B}.DVD-5|x64.ActiveCfg = Debug|Any CPU
		{9A573FE5-1646-43EA-A7F6-A387162B4A1B}.DVD-5|x64.Build.0 = Debug|Any CPU
		{9A573FE5-1646-43EA-A7F6-A387162B4A1B}.DVD-5|x86.ActiveCfg = Debug|Any CPU
		{9A573FE5-1646-43EA-A7F6-A387162B4A1B}.DVD-5|x86.Build.0 = Debug|Any CPU
		{9A573FE5-1646-43EA-A7F6-A387162B4A1B}.MixPlatform|Any CPU.ActiveCfg = Release|Any CPU
		{9A573FE5-1646-43EA-A7F6-A387162B4A1B}.MixPlatform|Any CPU.Build.0 = Release|Any CPU
		{9A573FE5-1646-43EA-A7F6-A387162B4A1B}.MixPlatform|x64.ActiveCfg = Release|Any CPU
		{9A573FE5-1646-43EA-A7F6-A387162B4A1B}.MixPlatform|x64.Build.0 = Release|Any CPU
		{9A573FE5-1646-43EA-A7F6-A387162B4A1B}.MixPlatform|x86.ActiveCfg = Release|Any CPU
		{9A573FE5-1646-43EA-A7F6-A387162B4A1B}.MixPlatform|x86.Build.0 = Release|Any CPU
		{9A573FE5-1646-43EA-A7F6-A387162B4A1B}.Release|Any CPU.ActiveCfg = Release|Any CPU
		{9A573FE5-1646-43EA-A7F6-A387162B4A1B}.Release|Any CPU.Build.0 = Release|Any CPU
		{9A573FE5-1646-43EA-A7F6-A387162B4A1B}.Release|x64.ActiveCfg = Release|Any CPU
		{9A573FE5-1646-43EA-A7F6-A387162B4A1B}.Release|x64.Build.0 = Release|Any CPU
		{9A573FE5-1646-43EA-A7F6-A387162B4A1B}.Release|x86.ActiveCfg = Release|Any CPU
		{9A573FE5-1646-43EA-A7F6-A387162B4A1B}.Release|x86.Build.0 = Release|Any CPU
		{9A573FE5-1646-43EA-A7F6-A387162B4A1B}.SingleImage|Any CPU.ActiveCfg = Debug|Any CPU
		{9A573FE5-1646-43EA-A7F6-A387162B4A1B}.SingleImage|Any CPU.Build.0 = Debug|Any CPU
		{9A573FE5-1646-43EA-A7F6-A387162B4A1B}.SingleImage|x64.ActiveCfg = Debug|Any CPU
		{9A573FE5-1646-43EA-A7F6-A387162B4A1B}.SingleImage|x64.Build.0 = Debug|Any CPU
		{9A573FE5-1646-43EA-A7F6-A387162B4A1B}.SingleImage|x86.ActiveCfg = Debug|Any CPU
		{9A573FE5-1646-43EA-A7F6-A387162B4A1B}.SingleImage|x86.Build.0 = Debug|Any CPU
		{5E864FA0-003A-4385-BBE2-5820A1701342}.All|Any CPU.ActiveCfg = Release|Any CPU
		{5E864FA0-003A-4385-BBE2-5820A1701342}.All|Any CPU.Build.0 = Release|Any CPU
		{5E864FA0-003A-4385-BBE2-5820A1701342}.All|x64.ActiveCfg = Release|Any CPU
		{5E864FA0-003A-4385-BBE2-5820A1701342}.All|x64.Build.0 = Release|Any CPU
		{5E864FA0-003A-4385-BBE2-5820A1701342}.All|x86.ActiveCfg = Release|Any CPU
		{5E864FA0-003A-4385-BBE2-5820A1701342}.All|x86.Build.0 = Release|Any CPU
		{5E864FA0-003A-4385-BBE2-5820A1701342}.CD_ROM|Any CPU.ActiveCfg = Debug|Any CPU
		{5E864FA0-003A-4385-BBE2-5820A1701342}.CD_ROM|Any CPU.Build.0 = Debug|Any CPU
		{5E864FA0-003A-4385-BBE2-5820A1701342}.CD_ROM|x64.ActiveCfg = Debug|Any CPU
		{5E864FA0-003A-4385-BBE2-5820A1701342}.CD_ROM|x64.Build.0 = Debug|Any CPU
		{5E864FA0-003A-4385-BBE2-5820A1701342}.CD_ROM|x86.ActiveCfg = Debug|Any CPU
		{5E864FA0-003A-4385-BBE2-5820A1701342}.CD_ROM|x86.Build.0 = Debug|Any CPU
		{5E864FA0-003A-4385-BBE2-5820A1701342}.Debug|Any CPU.ActiveCfg = Debug|Any CPU
		{5E864FA0-003A-4385-BBE2-5820A1701342}.Debug|Any CPU.Build.0 = Debug|Any CPU
		{5E864FA0-003A-4385-BBE2-5820A1701342}.Debug|x64.ActiveCfg = Debug|Any CPU
		{5E864FA0-003A-4385-BBE2-5820A1701342}.Debug|x64.Build.0 = Debug|Any CPU
		{5E864FA0-003A-4385-BBE2-5820A1701342}.Debug|x86.ActiveCfg = Debug|Any CPU
		{5E864FA0-003A-4385-BBE2-5820A1701342}.Debug|x86.Build.0 = Debug|Any CPU
		{5E864FA0-003A-4385-BBE2-5820A1701342}.DefaultBuild|Any CPU.ActiveCfg = Debug|Any CPU
		{5E864FA0-003A-4385-BBE2-5820A1701342}.DefaultBuild|Any CPU.Build.0 = Debug|Any CPU
		{5E864FA0-003A-4385-BBE2-5820A1701342}.DefaultBuild|x64.ActiveCfg = Debug|Any CPU
		{5E864FA0-003A-4385-BBE2-5820A1701342}.DefaultBuild|x64.Build.0 = Debug|Any CPU
		{5E864FA0-003A-4385-BBE2-5820A1701342}.DefaultBuild|x86.ActiveCfg = Debug|Any CPU
		{5E864FA0-003A-4385-BBE2-5820A1701342}.DefaultBuild|x86.Build.0 = Debug|Any CPU
		{5E864FA0-003A-4385-BBE2-5820A1701342}.DVD-5|Any CPU.ActiveCfg = Debug|Any CPU
		{5E864FA0-003A-4385-BBE2-5820A1701342}.DVD-5|Any CPU.Build.0 = Debug|Any CPU
		{5E864FA0-003A-4385-BBE2-5820A1701342}.DVD-5|x64.ActiveCfg = Debug|Any CPU
		{5E864FA0-003A-4385-BBE2-5820A1701342}.DVD-5|x64.Build.0 = Debug|Any CPU
		{5E864FA0-003A-4385-BBE2-5820A1701342}.DVD-5|x86.ActiveCfg = Debug|Any CPU
		{5E864FA0-003A-4385-BBE2-5820A1701342}.DVD-5|x86.Build.0 = Debug|Any CPU
		{5E864FA0-003A-4385-BBE2-5820A1701342}.MixPlatform|Any CPU.ActiveCfg = Release|Any CPU
		{5E864FA0-003A-4385-BBE2-5820A1701342}.MixPlatform|Any CPU.Build.0 = Release|Any CPU
		{5E864FA0-003A-4385-BBE2-5820A1701342}.MixPlatform|x64.ActiveCfg = Release|Any CPU
		{5E864FA0-003A-4385-BBE2-5820A1701342}.MixPlatform|x64.Build.0 = Release|Any CPU
		{5E864FA0-003A-4385-BBE2-5820A1701342}.MixPlatform|x86.ActiveCfg = Release|Any CPU
		{5E864FA0-003A-4385-BBE2-5820A1701342}.MixPlatform|x86.Build.0 = Release|Any CPU
		{5E864FA0-003A-4385-BBE2-5820A1701342}.Release|Any CPU.ActiveCfg = Release|Any CPU
		{5E864FA0-003A-4385-BBE2-5820A1701342}.Release|Any CPU.Build.0 = Release|Any CPU
		{5E864FA0-003A-4385-BBE2-5820A1701342}.Release|x64.ActiveCfg = Release|Any CPU
		{5E864FA0-003A-4385-BBE2-5820A1701342}.Release|x64.Build.0 = Release|Any CPU
		{5E864FA0-003A-4385-BBE2-5820A1701342}.Release|x86.ActiveCfg = Release|Any CPU
		{5E864FA0-003A-4385-BBE2-5820A1701342}.Release|x86.Build.0 = Release|Any CPU
		{5E864FA0-003A-4385-BBE2-5820A1701342}.SingleImage|Any CPU.ActiveCfg = Debug|Any CPU
		{5E864FA0-003A-4385-BBE2-5820A1701342}.SingleImage|Any CPU.Build.0 = Debug|Any CPU
		{5E864FA0-003A-4385-BBE2-5820A1701342}.SingleImage|x64.ActiveCfg = Debug|Any CPU
		{5E864FA0-003A-4385-BBE2-5820A1701342}.SingleImage|x64.Build.0 = Debug|Any CPU
		{5E864FA0-003A-4385-BBE2-5820A1701342}.SingleImage|x86.ActiveCfg = Debug|Any CPU
		{5E864FA0-003A-4385-BBE2-5820A1701342}.SingleImage|x86.Build.0 = Debug|Any CPU
		{1470F70C-4EC4-4844-B66D-8455437B24B4}.All|Any CPU.ActiveCfg = Release|Any CPU
		{1470F70C-4EC4-4844-B66D-8455437B24B4}.All|Any CPU.Build.0 = Release|Any CPU
		{1470F70C-4EC4-4844-B66D-8455437B24B4}.All|x64.ActiveCfg = Release|Any CPU
		{1470F70C-4EC4-4844-B66D-8455437B24B4}.All|x64.Build.0 = Release|Any CPU
		{1470F70C-4EC4-4844-B66D-8455437B24B4}.All|x86.ActiveCfg = Release|Any CPU
		{1470F70C-4EC4-4844-B66D-8455437B24B4}.All|x86.Build.0 = Release|Any CPU
		{1470F70C-4EC4-4844-B66D-8455437B24B4}.CD_ROM|Any CPU.ActiveCfg = Debug|Any CPU
		{1470F70C-4EC4-4844-B66D-8455437B24B4}.CD_ROM|Any CPU.Build.0 = Debug|Any CPU
		{1470F70C-4EC4-4844-B66D-8455437B24B4}.CD_ROM|x64.ActiveCfg = Debug|Any CPU
		{1470F70C-4EC4-4844-B66D-8455437B24B4}.CD_ROM|x64.Build.0 = Debug|Any CPU
		{1470F70C-4EC4-4844-B66D-8455437B24B4}.CD_ROM|x86.ActiveCfg = Debug|Any CPU
		{1470F70C-4EC4-4844-B66D-8455437B24B4}.CD_ROM|x86.Build.0 = Debug|Any CPU
		{1470F70C-4EC4-4844-B66D-8455437B24B4}.Debug|Any CPU.ActiveCfg = Debug|Any CPU
		{1470F70C-4EC4-4844-B66D-8455437B24B4}.Debug|Any CPU.Build.0 = Debug|Any CPU
		{1470F70C-4EC4-4844-B66D-8455437B24B4}.Debug|x64.ActiveCfg = Debug|Any CPU
		{1470F70C-4EC4-4844-B66D-8455437B24B4}.Debug|x64.Build.0 = Debug|Any CPU
		{1470F70C-4EC4-4844-B66D-8455437B24B4}.Debug|x86.ActiveCfg = Debug|Any CPU
		{1470F70C-4EC4-4844-B66D-8455437B24B4}.Debug|x86.Build.0 = Debug|Any CPU
		{1470F70C-4EC4-4844-B66D-8455437B24B4}.DefaultBuild|Any CPU.ActiveCfg = Debug|Any CPU
		{1470F70C-4EC4-4844-B66D-8455437B24B4}.DefaultBuild|Any CPU.Build.0 = Debug|Any CPU
		{1470F70C-4EC4-4844-B66D-8455437B24B4}.DefaultBuild|x64.ActiveCfg = Debug|Any CPU
		{1470F70C-4EC4-4844-B66D-8455437B24B4}.DefaultBuild|x64.Build.0 = Debug|Any CPU
		{1470F70C-4EC4-4844-B66D-8455437B24B4}.DefaultBuild|x86.ActiveCfg = Debug|Any CPU
		{1470F70C-4EC4-4844-B66D-8455437B24B4}.DefaultBuild|x86.Build.0 = Debug|Any CPU
		{1470F70C-4EC4-4844-B66D-8455437B24B4}.DVD-5|Any CPU.ActiveCfg = Debug|Any CPU
		{1470F70C-4EC4-4844-B66D-8455437B24B4}.DVD-5|Any CPU.Build.0 = Debug|Any CPU
		{1470F70C-4EC4-4844-B66D-8455437B24B4}.DVD-5|x64.ActiveCfg = Debug|Any CPU
		{1470F70C-4EC4-4844-B66D-8455437B24B4}.DVD-5|x64.Build.0 = Debug|Any CPU
		{1470F70C-4EC4-4844-B66D-8455437B24B4}.DVD-5|x86.ActiveCfg = Debug|Any CPU
		{1470F70C-4EC4-4844-B66D-8455437B24B4}.DVD-5|x86.Build.0 = Debug|Any CPU
		{1470F70C-4EC4-4844-B66D-8455437B24B4}.MixPlatform|Any CPU.ActiveCfg = Release|Any CPU
		{1470F70C-4EC4-4844-B66D-8455437B24B4}.MixPlatform|Any CPU.Build.0 = Release|Any CPU
		{1470F70C-4EC4-4844-B66D-8455437B24B4}.MixPlatform|x64.ActiveCfg = Release|Any CPU
		{1470F70C-4EC4-4844-B66D-8455437B24B4}.MixPlatform|x64.Build.0 = Release|Any CPU
		{1470F70C-4EC4-4844-B66D-8455437B24B4}.MixPlatform|x86.ActiveCfg = Release|Any CPU
		{1470F70C-4EC4-4844-B66D-8455437B24B4}.MixPlatform|x86.Build.0 = Release|Any CPU
		{1470F70C-4EC4-4844-B66D-8455437B24B4}.Release|Any CPU.ActiveCfg = Release|Any CPU
		{1470F70C-4EC4-4844-B66D-8455437B24B4}.Release|Any CPU.Build.0 = Release|Any CPU
		{1470F70C-4EC4-4844-B66D-8455437B24B4}.Release|x64.ActiveCfg = Release|Any CPU
		{1470F70C-4EC4-4844-B66D-8455437B24B4}.Release|x64.Build.0 = Release|Any CPU
		{1470F70C-4EC4-4844-B66D-8455437B24B4}.Release|x86.ActiveCfg = Release|Any CPU
		{1470F70C-4EC4-4844-B66D-8455437B24B4}.Release|x86.Build.0 = Release|Any CPU
		{1470F70C-4EC4-4844-B66D-8455437B24B4}.SingleImage|Any CPU.ActiveCfg = Debug|Any CPU
		{1470F70C-4EC4-4844-B66D-8455437B24B4}.SingleImage|Any CPU.Build.0 = Debug|Any CPU
		{1470F70C-4EC4-4844-B66D-8455437B24B4}.SingleImage|x64.ActiveCfg = Debug|Any CPU
		{1470F70C-4EC4-4844-B66D-8455437B24B4}.SingleImage|x64.Build.0 = Debug|Any CPU
		{1470F70C-4EC4-4844-B66D-8455437B24B4}.SingleImage|x86.ActiveCfg = Debug|Any CPU
		{1470F70C-4EC4-4844-B66D-8455437B24B4}.SingleImage|x86.Build.0 = Debug|Any CPU
		{449DAA64-2C6C-455A-A0C2-EE85307225F7}.All|Any CPU.ActiveCfg = Debug|Any CPU
		{449DAA64-2C6C-455A-A0C2-EE85307225F7}.All|Any CPU.Build.0 = Debug|Any CPU
		{449DAA64-2C6C-455A-A0C2-EE85307225F7}.All|x64.ActiveCfg = Debug|Any CPU
		{449DAA64-2C6C-455A-A0C2-EE85307225F7}.All|x64.Build.0 = Debug|Any CPU
		{449DAA64-2C6C-455A-A0C2-EE85307225F7}.All|x86.ActiveCfg = Debug|Any CPU
		{449DAA64-2C6C-455A-A0C2-EE85307225F7}.All|x86.Build.0 = Debug|Any CPU
		{449DAA64-2C6C-455A-A0C2-EE85307225F7}.CD_ROM|Any CPU.ActiveCfg = Debug|Any CPU
		{449DAA64-2C6C-455A-A0C2-EE85307225F7}.CD_ROM|Any CPU.Build.0 = Debug|Any CPU
		{449DAA64-2C6C-455A-A0C2-EE85307225F7}.CD_ROM|x64.ActiveCfg = Debug|Any CPU
		{449DAA64-2C6C-455A-A0C2-EE85307225F7}.CD_ROM|x64.Build.0 = Debug|Any CPU
		{449DAA64-2C6C-455A-A0C2-EE85307225F7}.CD_ROM|x86.ActiveCfg = Debug|Any CPU
		{449DAA64-2C6C-455A-A0C2-EE85307225F7}.CD_ROM|x86.Build.0 = Debug|Any CPU
		{449DAA64-2C6C-455A-A0C2-EE85307225F7}.Debug|Any CPU.ActiveCfg = Debug|Any CPU
		{449DAA64-2C6C-455A-A0C2-EE85307225F7}.Debug|Any CPU.Build.0 = Debug|Any CPU
		{449DAA64-2C6C-455A-A0C2-EE85307225F7}.Debug|x64.ActiveCfg = Debug|Any CPU
		{449DAA64-2C6C-455A-A0C2-EE85307225F7}.Debug|x64.Build.0 = Debug|Any CPU
		{449DAA64-2C6C-455A-A0C2-EE85307225F7}.Debug|x86.ActiveCfg = Debug|Any CPU
		{449DAA64-2C6C-455A-A0C2-EE85307225F7}.Debug|x86.Build.0 = Debug|Any CPU
		{449DAA64-2C6C-455A-A0C2-EE85307225F7}.DefaultBuild|Any CPU.ActiveCfg = Debug|Any CPU
		{449DAA64-2C6C-455A-A0C2-EE85307225F7}.DefaultBuild|Any CPU.Build.0 = Debug|Any CPU
		{449DAA64-2C6C-455A-A0C2-EE85307225F7}.DefaultBuild|x64.ActiveCfg = Debug|Any CPU
		{449DAA64-2C6C-455A-A0C2-EE85307225F7}.DefaultBuild|x64.Build.0 = Debug|Any CPU
		{449DAA64-2C6C-455A-A0C2-EE85307225F7}.DefaultBuild|x86.ActiveCfg = Debug|Any CPU
		{449DAA64-2C6C-455A-A0C2-EE85307225F7}.DefaultBuild|x86.Build.0 = Debug|Any CPU
		{449DAA64-2C6C-455A-A0C2-EE85307225F7}.DVD-5|Any CPU.ActiveCfg = Debug|Any CPU
		{449DAA64-2C6C-455A-A0C2-EE85307225F7}.DVD-5|Any CPU.Build.0 = Debug|Any CPU
		{449DAA64-2C6C-455A-A0C2-EE85307225F7}.DVD-5|x64.ActiveCfg = Debug|Any CPU
		{449DAA64-2C6C-455A-A0C2-EE85307225F7}.DVD-5|x64.Build.0 = Debug|Any CPU
		{449DAA64-2C6C-455A-A0C2-EE85307225F7}.DVD-5|x86.ActiveCfg = Debug|Any CPU
		{449DAA64-2C6C-455A-A0C2-EE85307225F7}.DVD-5|x86.Build.0 = Debug|Any CPU
		{449DAA64-2C6C-455A-A0C2-EE85307225F7}.MixPlatform|Any CPU.ActiveCfg = Debug|Any CPU
		{449DAA64-2C6C-455A-A0C2-EE85307225F7}.MixPlatform|Any CPU.Build.0 = Debug|Any CPU
		{449DAA64-2C6C-455A-A0C2-EE85307225F7}.MixPlatform|x64.ActiveCfg = Debug|Any CPU
		{449DAA64-2C6C-455A-A0C2-EE85307225F7}.MixPlatform|x64.Build.0 = Debug|Any CPU
		{449DAA64-2C6C-455A-A0C2-EE85307225F7}.MixPlatform|x86.ActiveCfg = Debug|Any CPU
		{449DAA64-2C6C-455A-A0C2-EE85307225F7}.MixPlatform|x86.Build.0 = Debug|Any CPU
		{449DAA64-2C6C-455A-A0C2-EE85307225F7}.Release|Any CPU.ActiveCfg = Release|Any CPU
		{449DAA64-2C6C-455A-A0C2-EE85307225F7}.Release|Any CPU.Build.0 = Release|Any CPU
		{449DAA64-2C6C-455A-A0C2-EE85307225F7}.Release|x64.ActiveCfg = Release|Any CPU
		{449DAA64-2C6C-455A-A0C2-EE85307225F7}.Release|x64.Build.0 = Release|Any CPU
		{449DAA64-2C6C-455A-A0C2-EE85307225F7}.Release|x86.ActiveCfg = Release|Any CPU
		{449DAA64-2C6C-455A-A0C2-EE85307225F7}.Release|x86.Build.0 = Release|Any CPU
		{449DAA64-2C6C-455A-A0C2-EE85307225F7}.SingleImage|Any CPU.ActiveCfg = Debug|Any CPU
		{449DAA64-2C6C-455A-A0C2-EE85307225F7}.SingleImage|Any CPU.Build.0 = Debug|Any CPU
		{449DAA64-2C6C-455A-A0C2-EE85307225F7}.SingleImage|x64.ActiveCfg = Debug|Any CPU
		{449DAA64-2C6C-455A-A0C2-EE85307225F7}.SingleImage|x64.Build.0 = Debug|Any CPU
		{449DAA64-2C6C-455A-A0C2-EE85307225F7}.SingleImage|x86.ActiveCfg = Debug|Any CPU
		{449DAA64-2C6C-455A-A0C2-EE85307225F7}.SingleImage|x86.Build.0 = Debug|Any CPU
		{3AD8A67B-D44E-4D2F-B5EC-0F4605B24153}.All|Any CPU.ActiveCfg = Debug|Any CPU
		{3AD8A67B-D44E-4D2F-B5EC-0F4605B24153}.All|Any CPU.Build.0 = Debug|Any CPU
		{3AD8A67B-D44E-4D2F-B5EC-0F4605B24153}.All|x64.ActiveCfg = Debug|Any CPU
		{3AD8A67B-D44E-4D2F-B5EC-0F4605B24153}.All|x64.Build.0 = Debug|Any CPU
		{3AD8A67B-D44E-4D2F-B5EC-0F4605B24153}.All|x86.ActiveCfg = Debug|Any CPU
		{3AD8A67B-D44E-4D2F-B5EC-0F4605B24153}.All|x86.Build.0 = Debug|Any CPU
		{3AD8A67B-D44E-4D2F-B5EC-0F4605B24153}.CD_ROM|Any CPU.ActiveCfg = Debug|Any CPU
		{3AD8A67B-D44E-4D2F-B5EC-0F4605B24153}.CD_ROM|Any CPU.Build.0 = Debug|Any CPU
		{3AD8A67B-D44E-4D2F-B5EC-0F4605B24153}.CD_ROM|x64.ActiveCfg = Debug|Any CPU
		{3AD8A67B-D44E-4D2F-B5EC-0F4605B24153}.CD_ROM|x64.Build.0 = Debug|Any CPU
		{3AD8A67B-D44E-4D2F-B5EC-0F4605B24153}.CD_ROM|x86.ActiveCfg = Debug|Any CPU
		{3AD8A67B-D44E-4D2F-B5EC-0F4605B24153}.CD_ROM|x86.Build.0 = Debug|Any CPU
		{3AD8A67B-D44E-4D2F-B5EC-0F4605B24153}.Debug|Any CPU.ActiveCfg = Debug|Any CPU
		{3AD8A67B-D44E-4D2F-B5EC-0F4605B24153}.Debug|Any CPU.Build.0 = Debug|Any CPU
		{3AD8A67B-D44E-4D2F-B5EC-0F4605B24153}.Debug|x64.ActiveCfg = Debug|Any CPU
		{3AD8A67B-D44E-4D2F-B5EC-0F4605B24153}.Debug|x64.Build.0 = Debug|Any CPU
		{3AD8A67B-D44E-4D2F-B5EC-0F4605B24153}.Debug|x86.ActiveCfg = Debug|Any CPU
		{3AD8A67B-D44E-4D2F-B5EC-0F4605B24153}.Debug|x86.Build.0 = Debug|Any CPU
		{3AD8A67B-D44E-4D2F-B5EC-0F4605B24153}.DefaultBuild|Any CPU.ActiveCfg = Debug|Any CPU
		{3AD8A67B-D44E-4D2F-B5EC-0F4605B24153}.DefaultBuild|Any CPU.Build.0 = Debug|Any CPU
		{3AD8A67B-D44E-4D2F-B5EC-0F4605B24153}.DefaultBuild|x64.ActiveCfg = Debug|Any CPU
		{3AD8A67B-D44E-4D2F-B5EC-0F4605B24153}.DefaultBuild|x64.Build.0 = Debug|Any CPU
		{3AD8A67B-D44E-4D2F-B5EC-0F4605B24153}.DefaultBuild|x86.ActiveCfg = Debug|Any CPU
		{3AD8A67B-D44E-4D2F-B5EC-0F4605B24153}.DefaultBuild|x86.Build.0 = Debug|Any CPU
		{3AD8A67B-D44E-4D2F-B5EC-0F4605B24153}.DVD-5|Any CPU.ActiveCfg = Debug|Any CPU
		{3AD8A67B-D44E-4D2F-B5EC-0F4605B24153}.DVD-5|Any CPU.Build.0 = Debug|Any CPU
		{3AD8A67B-D44E-4D2F-B5EC-0F4605B24153}.DVD-5|x64.ActiveCfg = Debug|Any CPU
		{3AD8A67B-D44E-4D2F-B5EC-0F4605B24153}.DVD-5|x64.Build.0 = Debug|Any CPU
		{3AD8A67B-D44E-4D2F-B5EC-0F4605B24153}.DVD-5|x86.ActiveCfg = Debug|Any CPU
		{3AD8A67B-D44E-4D2F-B5EC-0F4605B24153}.DVD-5|x86.Build.0 = Debug|Any CPU
		{3AD8A67B-D44E-4D2F-B5EC-0F4605B24153}.MixPlatform|Any CPU.ActiveCfg = Debug|Any CPU
		{3AD8A67B-D44E-4D2F-B5EC-0F4605B24153}.MixPlatform|Any CPU.Build.0 = Debug|Any CPU
		{3AD8A67B-D44E-4D2F-B5EC-0F4605B24153}.MixPlatform|x64.ActiveCfg = Debug|Any CPU
		{3AD8A67B-D44E-4D2F-B5EC-0F4605B24153}.MixPlatform|x64.Build.0 = Debug|Any CPU
		{3AD8A67B-D44E-4D2F-B5EC-0F4605B24153}.MixPlatform|x86.ActiveCfg = Debug|Any CPU
		{3AD8A67B-D44E-4D2F-B5EC-0F4605B24153}.MixPlatform|x86.Build.0 = Debug|Any CPU
		{3AD8A67B-D44E-4D2F-B5EC-0F4605B24153}.Release|Any CPU.ActiveCfg = Release|Any CPU
		{3AD8A67B-D44E-4D2F-B5EC-0F4605B24153}.Release|Any CPU.Build.0 = Release|Any CPU
		{3AD8A67B-D44E-4D2F-B5EC-0F4605B24153}.Release|x64.ActiveCfg = Release|Any CPU
		{3AD8A67B-D44E-4D2F-B5EC-0F4605B24153}.Release|x64.Build.0 = Release|Any CPU
		{3AD8A67B-D44E-4D2F-B5EC-0F4605B24153}.Release|x86.ActiveCfg = Release|Any CPU
		{3AD8A67B-D44E-4D2F-B5EC-0F4605B24153}.Release|x86.Build.0 = Release|Any CPU
		{3AD8A67B-D44E-4D2F-B5EC-0F4605B24153}.SingleImage|Any CPU.ActiveCfg = Debug|Any CPU
		{3AD8A67B-D44E-4D2F-B5EC-0F4605B24153}.SingleImage|Any CPU.Build.0 = Debug|Any CPU
		{3AD8A67B-D44E-4D2F-B5EC-0F4605B24153}.SingleImage|x64.ActiveCfg = Debug|Any CPU
		{3AD8A67B-D44E-4D2F-B5EC-0F4605B24153}.SingleImage|x64.Build.0 = Debug|Any CPU
		{3AD8A67B-D44E-4D2F-B5EC-0F4605B24153}.SingleImage|x86.ActiveCfg = Debug|Any CPU
		{3AD8A67B-D44E-4D2F-B5EC-0F4605B24153}.SingleImage|x86.Build.0 = Debug|Any CPU
		{FED7CCED-14A4-4A80-854F-49D9E2940601}.All|Any CPU.ActiveCfg = Debug|Any CPU
		{FED7CCED-14A4-4A80-854F-49D9E2940601}.All|Any CPU.Build.0 = Debug|Any CPU
		{FED7CCED-14A4-4A80-854F-49D9E2940601}.All|x64.ActiveCfg = Debug|Any CPU
		{FED7CCED-14A4-4A80-854F-49D9E2940601}.All|x64.Build.0 = Debug|Any CPU
		{FED7CCED-14A4-4A80-854F-49D9E2940601}.All|x86.ActiveCfg = Debug|Any CPU
		{FED7CCED-14A4-4A80-854F-49D9E2940601}.All|x86.Build.0 = Debug|Any CPU
		{FED7CCED-14A4-4A80-854F-49D9E2940601}.CD_ROM|Any CPU.ActiveCfg = Debug|Any CPU
		{FED7CCED-14A4-4A80-854F-49D9E2940601}.CD_ROM|Any CPU.Build.0 = Debug|Any CPU
		{FED7CCED-14A4-4A80-854F-49D9E2940601}.CD_ROM|x64.ActiveCfg = Debug|Any CPU
		{FED7CCED-14A4-4A80-854F-49D9E2940601}.CD_ROM|x64.Build.0 = Debug|Any CPU
		{FED7CCED-14A4-4A80-854F-49D9E2940601}.CD_ROM|x86.ActiveCfg = Debug|Any CPU
		{FED7CCED-14A4-4A80-854F-49D9E2940601}.CD_ROM|x86.Build.0 = Debug|Any CPU
		{FED7CCED-14A4-4A80-854F-49D9E2940601}.Debug|Any CPU.ActiveCfg = Debug|Any CPU
		{FED7CCED-14A4-4A80-854F-49D9E2940601}.Debug|Any CPU.Build.0 = Debug|Any CPU
		{FED7CCED-14A4-4A80-854F-49D9E2940601}.Debug|x64.ActiveCfg = Debug|Any CPU
		{FED7CCED-14A4-4A80-854F-49D9E2940601}.Debug|x64.Build.0 = Debug|Any CPU
		{FED7CCED-14A4-4A80-854F-49D9E2940601}.Debug|x86.ActiveCfg = Debug|Any CPU
		{FED7CCED-14A4-4A80-854F-49D9E2940601}.Debug|x86.Build.0 = Debug|Any CPU
		{FED7CCED-14A4-4A80-854F-49D9E2940601}.DefaultBuild|Any CPU.ActiveCfg = Debug|Any CPU
		{FED7CCED-14A4-4A80-854F-49D9E2940601}.DefaultBuild|Any CPU.Build.0 = Debug|Any CPU
		{FED7CCED-14A4-4A80-854F-49D9E2940601}.DefaultBuild|x64.ActiveCfg = Debug|Any CPU
		{FED7CCED-14A4-4A80-854F-49D9E2940601}.DefaultBuild|x64.Build.0 = Debug|Any CPU
		{FED7CCED-14A4-4A80-854F-49D9E2940601}.DefaultBuild|x86.ActiveCfg = Debug|Any CPU
		{FED7CCED-14A4-4A80-854F-49D9E2940601}.DefaultBuild|x86.Build.0 = Debug|Any CPU
		{FED7CCED-14A4-4A80-854F-49D9E2940601}.DVD-5|Any CPU.ActiveCfg = Debug|Any CPU
		{FED7CCED-14A4-4A80-854F-49D9E2940601}.DVD-5|Any CPU.Build.0 = Debug|Any CPU
		{FED7CCED-14A4-4A80-854F-49D9E2940601}.DVD-5|x64.ActiveCfg = Debug|Any CPU
		{FED7CCED-14A4-4A80-854F-49D9E2940601}.DVD-5|x64.Build.0 = Debug|Any CPU
		{FED7CCED-14A4-4A80-854F-49D9E2940601}.DVD-5|x86.ActiveCfg = Debug|Any CPU
		{FED7CCED-14A4-4A80-854F-49D9E2940601}.DVD-5|x86.Build.0 = Debug|Any CPU
		{FED7CCED-14A4-4A80-854F-49D9E2940601}.MixPlatform|Any CPU.ActiveCfg = Debug|Any CPU
		{FED7CCED-14A4-4A80-854F-49D9E2940601}.MixPlatform|Any CPU.Build.0 = Debug|Any CPU
		{FED7CCED-14A4-4A80-854F-49D9E2940601}.MixPlatform|x64.ActiveCfg = Debug|Any CPU
		{FED7CCED-14A4-4A80-854F-49D9E2940601}.MixPlatform|x64.Build.0 = Debug|Any CPU
		{FED7CCED-14A4-4A80-854F-49D9E2940601}.MixPlatform|x86.ActiveCfg = Debug|Any CPU
		{FED7CCED-14A4-4A80-854F-49D9E2940601}.MixPlatform|x86.Build.0 = Debug|Any CPU
		{FED7CCED-14A4-4A80-854F-49D9E2940601}.Release|Any CPU.ActiveCfg = Release|Any CPU
		{FED7CCED-14A4-4A80-854F-49D9E2940601}.Release|Any CPU.Build.0 = Release|Any CPU
		{FED7CCED-14A4-4A80-854F-49D9E2940601}.Release|x64.ActiveCfg = Release|Any CPU
		{FED7CCED-14A4-4A80-854F-49D9E2940601}.Release|x64.Build.0 = Release|Any CPU
		{FED7CCED-14A4-4A80-854F-49D9E2940601}.Release|x86.ActiveCfg = Release|Any CPU
		{FED7CCED-14A4-4A80-854F-49D9E2940601}.Release|x86.Build.0 = Release|Any CPU
		{FED7CCED-14A4-4A80-854F-49D9E2940601}.SingleImage|Any CPU.ActiveCfg = Debug|Any CPU
		{FED7CCED-14A4-4A80-854F-49D9E2940601}.SingleImage|Any CPU.Build.0 = Debug|Any CPU
		{FED7CCED-14A4-4A80-854F-49D9E2940601}.SingleImage|x64.ActiveCfg = Debug|Any CPU
		{FED7CCED-14A4-4A80-854F-49D9E2940601}.SingleImage|x64.Build.0 = Debug|Any CPU
		{FED7CCED-14A4-4A80-854F-49D9E2940601}.SingleImage|x86.ActiveCfg = Debug|Any CPU
		{FED7CCED-14A4-4A80-854F-49D9E2940601}.SingleImage|x86.Build.0 = Debug|Any CPU
		{D597A026-03B0-4CBF-A5E2-1B4562529251}.All|Any CPU.ActiveCfg = Debug|Any CPU
		{D597A026-03B0-4CBF-A5E2-1B4562529251}.All|Any CPU.Build.0 = Debug|Any CPU
		{D597A026-03B0-4CBF-A5E2-1B4562529251}.All|x64.ActiveCfg = Debug|Any CPU
		{D597A026-03B0-4CBF-A5E2-1B4562529251}.All|x64.Build.0 = Debug|Any CPU
		{D597A026-03B0-4CBF-A5E2-1B4562529251}.All|x86.ActiveCfg = Debug|Any CPU
		{D597A026-03B0-4CBF-A5E2-1B4562529251}.All|x86.Build.0 = Debug|Any CPU
		{D597A026-03B0-4CBF-A5E2-1B4562529251}.CD_ROM|Any CPU.ActiveCfg = Debug|Any CPU
		{D597A026-03B0-4CBF-A5E2-1B4562529251}.CD_ROM|Any CPU.Build.0 = Debug|Any CPU
		{D597A026-03B0-4CBF-A5E2-1B4562529251}.CD_ROM|x64.ActiveCfg = Debug|Any CPU
		{D597A026-03B0-4CBF-A5E2-1B4562529251}.CD_ROM|x64.Build.0 = Debug|Any CPU
		{D597A026-03B0-4CBF-A5E2-1B4562529251}.CD_ROM|x86.ActiveCfg = Debug|Any CPU
		{D597A026-03B0-4CBF-A5E2-1B4562529251}.CD_ROM|x86.Build.0 = Debug|Any CPU
		{D597A026-03B0-4CBF-A5E2-1B4562529251}.Debug|Any CPU.ActiveCfg = Debug|Any CPU
		{D597A026-03B0-4CBF-A5E2-1B4562529251}.Debug|Any CPU.Build.0 = Debug|Any CPU
		{D597A026-03B0-4CBF-A5E2-1B4562529251}.Debug|x64.ActiveCfg = Debug|Any CPU
		{D597A026-03B0-4CBF-A5E2-1B4562529251}.Debug|x64.Build.0 = Debug|Any CPU
		{D597A026-03B0-4CBF-A5E2-1B4562529251}.Debug|x86.ActiveCfg = Debug|Any CPU
		{D597A026-03B0-4CBF-A5E2-1B4562529251}.Debug|x86.Build.0 = Debug|Any CPU
		{D597A026-03B0-4CBF-A5E2-1B4562529251}.DefaultBuild|Any CPU.ActiveCfg = Debug|Any CPU
		{D597A026-03B0-4CBF-A5E2-1B4562529251}.DefaultBuild|Any CPU.Build.0 = Debug|Any CPU
		{D597A026-03B0-4CBF-A5E2-1B4562529251}.DefaultBuild|x64.ActiveCfg = Debug|Any CPU
		{D597A026-03B0-4CBF-A5E2-1B4562529251}.DefaultBuild|x64.Build.0 = Debug|Any CPU
		{D597A026-03B0-4CBF-A5E2-1B4562529251}.DefaultBuild|x86.ActiveCfg = Debug|Any CPU
		{D597A026-03B0-4CBF-A5E2-1B4562529251}.DefaultBuild|x86.Build.0 = Debug|Any CPU
		{D597A026-03B0-4CBF-A5E2-1B4562529251}.DVD-5|Any CPU.ActiveCfg = Debug|Any CPU
		{D597A026-03B0-4CBF-A5E2-1B4562529251}.DVD-5|Any CPU.Build.0 = Debug|Any CPU
		{D597A026-03B0-4CBF-A5E2-1B4562529251}.DVD-5|x64.ActiveCfg = Debug|Any CPU
		{D597A026-03B0-4CBF-A5E2-1B4562529251}.DVD-5|x64.Build.0 = Debug|Any CPU
		{D597A026-03B0-4CBF-A5E2-1B4562529251}.DVD-5|x86.ActiveCfg = Debug|Any CPU
		{D597A026-03B0-4CBF-A5E2-1B4562529251}.DVD-5|x86.Build.0 = Debug|Any CPU
		{D597A026-03B0-4CBF-A5E2-1B4562529251}.MixPlatform|Any CPU.ActiveCfg = Debug|Any CPU
		{D597A026-03B0-4CBF-A5E2-1B4562529251}.MixPlatform|Any CPU.Build.0 = Debug|Any CPU
		{D597A026-03B0-4CBF-A5E2-1B4562529251}.MixPlatform|x64.ActiveCfg = Debug|Any CPU
		{D597A026-03B0-4CBF-A5E2-1B4562529251}.MixPlatform|x64.Build.0 = Debug|Any CPU
		{D597A026-03B0-4CBF-A5E2-1B4562529251}.MixPlatform|x86.ActiveCfg = Debug|Any CPU
		{D597A026-03B0-4CBF-A5E2-1B4562529251}.MixPlatform|x86.Build.0 = Debug|Any CPU
		{D597A026-03B0-4CBF-A5E2-1B4562529251}.Release|Any CPU.ActiveCfg = Release|Any CPU
		{D597A026-03B0-4CBF-A5E2-1B4562529251}.Release|Any CPU.Build.0 = Release|Any CPU
		{D597A026-03B0-4CBF-A5E2-1B4562529251}.Release|x64.ActiveCfg = Release|Any CPU
		{D597A026-03B0-4CBF-A5E2-1B4562529251}.Release|x64.Build.0 = Release|Any CPU
		{D597A026-03B0-4CBF-A5E2-1B4562529251}.Release|x86.ActiveCfg = Release|Any CPU
		{D597A026-03B0-4CBF-A5E2-1B4562529251}.Release|x86.Build.0 = Release|Any CPU
		{D597A026-03B0-4CBF-A5E2-1B4562529251}.SingleImage|Any CPU.ActiveCfg = Debug|Any CPU
		{D597A026-03B0-4CBF-A5E2-1B4562529251}.SingleImage|Any CPU.Build.0 = Debug|Any CPU
		{D597A026-03B0-4CBF-A5E2-1B4562529251}.SingleImage|x64.ActiveCfg = Debug|Any CPU
		{D597A026-03B0-4CBF-A5E2-1B4562529251}.SingleImage|x64.Build.0 = Debug|Any CPU
		{D597A026-03B0-4CBF-A5E2-1B4562529251}.SingleImage|x86.ActiveCfg = Debug|Any CPU
		{D597A026-03B0-4CBF-A5E2-1B4562529251}.SingleImage|x86.Build.0 = Debug|Any CPU
	EndGlobalSection
	GlobalSection(SolutionProperties) = preSolution
		HideSolutionNode = FALSE
	EndGlobalSection
	GlobalSection(ExtensibilityGlobals) = postSolution
		SolutionGuid = {5A6C2470-53DD-4989-9DEF-CD76830BCA73}
	EndGlobalSection
EndGlobal
